<?xml version="1.0" encoding="utf-8"?>
<Project ToolsVersion="4.0" xmlns="http://schemas.microsoft.com/developer/msbuild/2003">
  <ItemGroup>
    <Filter Include="소스 파일">
      <UniqueIdentifier>{4FC737F1-C7A5-4376-A066-2A32D752A2FF}</UniqueIdentifier>
      <Extensions>cpp;c;cc;cxx;c++;cppm;ixx;def;odl;idl;hpj;bat;asm;asmx</Extensions>
    </Filter>
    <Filter Include="헤더 파일">
      <UniqueIdentifier>{93995380-89BD-4b04-88EB-625FBE52EBFB}</UniqueIdentifier>
      <Extensions>h;hh;hpp;hxx;h++;hm;inl;inc;ipp;xsd</Extensions>
    </Filter>
    <Filter Include="리소스 파일">
      <UniqueIdentifier>{67DA6AB6-F800-4c08-8B7A-83BB121AAD01}</UniqueIdentifier>
      <Extensions>rc;ico;cur;bmp;dlg;rc2;rct;bin;rgs;gif;jpg;jpeg;jpe;resx;tiff;tif;png;wav;mfcribbon-ms</Extensions>
    </Filter>
  </ItemGroup>
  <ItemGroup>
    <ClCompile Include="private\KAWAI_Engine.cpp">
      <Filter>소스 파일</Filter>
    </ClCompile>
    <ClCompile Include="private\MANAGE_Input.cpp">
      <Filter>소스 파일</Filter>
    </ClCompile>
    <ClCompile Include="private\MANAGE_Object.cpp">
      <Filter>소스 파일</Filter>
    </ClCompile>
    <ClCompile Include="private\MANAGE_Render.cpp">
      <Filter>소스 파일</Filter>
    </ClCompile>
    <ClCompile Include="private\MANAGE_Resource.cpp">
      <Filter>소스 파일</Filter>
    </ClCompile>
    <ClCompile Include="private\MANAGE_State.cpp">
      <Filter>소스 파일</Filter>
    </ClCompile>
    <ClCompile Include="private\MANAGE_Window.cpp">
      <Filter>소스 파일</Filter>
    </ClCompile>
    <ClCompile Include="KAWAI_Engine.cpp">
      <Filter>소스 파일</Filter>
    </ClCompile>
    <ClCompile Include="MANAGE_Input.cpp">
      <Filter>소스 파일</Filter>
    </ClCompile>
    <ClCompile Include="MANAGE_Object.cpp">
      <Filter>소스 파일</Filter>
    </ClCompile>
    <ClCompile Include="MANAGE_Render.cpp">
      <Filter>소스 파일</Filter>
    </ClCompile>
    <ClCompile Include="MANAGE_Resource.cpp">
      <Filter>소스 파일</Filter>
    </ClCompile>
    <ClCompile Include="MANAGE_State.cpp">
      <Filter>소스 파일</Filter>
    </ClCompile>
    <ClCompile Include="MANAGE_Window.cpp">
      <Filter>소스 파일</Filter>
    </ClCompile>
  </ItemGroup>
  <ItemGroup>
    <ClInclude Include="private\KAWAI_Engine.h">
      <Filter>헤더 파일</Filter>
    </ClInclude>
    <ClInclude Include="private\MANAGE_Core.h">
      <Filter>헤더 파일</Filter>
    </ClInclude>
    <ClInclude Include="private\MANAGE_Input.h">
      <Filter>헤더 파일</Filter>
    </ClInclude>
    <ClInclude Include="private\MANAGE_Object.h">
      <Filter>헤더 파일</Filter>
    </ClInclude>
    <ClInclude Include="private\MANAGE_Render.h">
      <Filter>헤더 파일</Filter>
    </ClInclude>
    <ClInclude Include="private\MANAGE_Resource.h">
      <Filter>헤더 파일</Filter>
    </ClInclude>
    <ClInclude Include="private\MANAGE_State.h">
      <Filter>헤더 파일</Filter>
    </ClInclude>
    <ClInclude Include="private\MANAGE_Window.h">
      <Filter>헤더 파일</Filter>
    </ClInclude>
    <ClInclude Include="public\KWEngine.hpp">
      <Filter>헤더 파일</Filter>
    </ClInclude>
    <ClInclude Include="Engine.hpp">
      <Filter>헤더 파일</Filter>
    </ClInclude>
    <ClInclude Include="KAWAI_Engine.h">
      <Filter>헤더 파일</Filter>
    </ClInclude>
    <ClInclude Include="MANAGE_Core.h">
      <Filter>헤더 파일</Filter>
    </ClInclude>
    <ClInclude Include="MANAGE_Input.h">
      <Filter>헤더 파일</Filter>
    </ClInclude>
    <ClInclude Include="MANAGE_Object.h">
      <Filter>헤더 파일</Filter>
    </ClInclude>
    <ClInclude Include="MANAGE_Render.h">
      <Filter>헤더 파일</Filter>
    </ClInclude>
    <ClInclude Include="MANAGE_Resource.h">
      <Filter>헤더 파일</Filter>
    </ClInclude>
    <ClInclude Include="MANAGE_State.h">
      <Filter>헤더 파일</Filter>
    </ClInclude>
    <ClInclude Include="MANAGE_Window.h">
      <Filter>헤더 파일</Filter>
    </ClInclude>
  </ItemGroup>
</Project>