
Microsoft Visual Studio Solution File, Format Version 12.00
# Visual Studio Version 17
VisualStudioVersion = 17.14.36203.30
MinimumVisualStudioVersion = 10.0.40219.1
Project("{8BC9CEB8-8B4A-11D0-8D11-00A0C91BC942}") = "kawai_engine_test", "kawai_engine.vcxproj", "{B66BD60A-3095-43BF-A860-748F711DE703}"
EndProject
Project("{8BC9CEB8-8B4A-11D0-8D11-00A0C91BC942}") = "kawai_engine_main", "..\Project1\Project1.vcxproj", "{5236465E-4FD7-42F9-B271-B8D3F5C57604}"
EndProject
Global
	GlobalSection(SolutionConfigurationPlatforms) = preSolution
		Debug|x64 = Debug|x64
		Debug|x86 = Debug|x86
		Release|x64 = Release|x64
		Release|x86 = Release|x86
	EndGlobalSection
	GlobalSection(ProjectConfigurationPlatforms) = postSolution
		{B66BD60A-3095-43BF-A860-748F711DE703}.Debug|x64.ActiveCfg = Debug|x64
		{B66BD60A-3095-43BF-A860-748F711DE703}.Debug|x64.Build.0 = Debug|x64
		{B66BD60A-3095-43BF-A860-748F711DE703}.Debug|x86.ActiveCfg = Debug|Win32
		{B66BD60A-3095-43BF-A860-748F711DE703}.Debug|x86.Build.0 = Debug|Win32
		{B66BD60A-3095-43BF-A860-748F711DE703}.Release|x64.ActiveCfg = Release|x64
		{B66BD60A-3095-43BF-A860-748F711DE703}.Release|x64.Build.0 = Release|x64
		{B66BD60A-3095-43BF-A860-748F711DE703}.Release|x86.ActiveCfg = Release|Win32
		{B66BD60A-3095-43BF-A860-748F711DE703}.Release|x86.Build.0 = Release|Win32
		{5236465E-4FD7-42F9-B271-B8D3F5C57604}.Debug|x64.ActiveCfg = Debug|x64
		{5236465E-4FD7-42F9-B271-B8D3F5C57604}.Debug|x64.Build.0 = Debug|x64
		{5236465E-4FD7-42F9-B271-B8D3F5C57604}.Debug|x86.ActiveCfg = Debug|Win32
		{5236465E-4FD7-42F9-B271-B8D3F5C57604}.Debug|x86.Build.0 = Debug|Win32
		{5236465E-4FD7-42F9-B271-B8D3F5C57604}.Release|x64.ActiveCfg = Release|x64
		{5236465E-4FD7-42F9-B271-B8D3F5C57604}.Release|x64.Build.0 = Release|x64
		{5236465E-4FD7-42F9-B271-B8D3F5C57604}.Release|x86.ActiveCfg = Release|Win32
		{5236465E-4FD7-42F9-B271-B8D3F5C57604}.Release|x86.Build.0 = Release|Win32
	EndGlobalSection
	GlobalSection(SolutionProperties) = preSolution
		HideSolutionNode = FALSE
	EndGlobalSection
	GlobalSection(ExtensibilityGlobals) = postSolution
		SolutionGuid = {1969C47A-87BD-4BB2-88E5-C440F5EEF98B}
	EndGlobalSection
EndGlobal
